
Microsoft Visual Studio Solution File, Format Version 12.00
# Visual Studio Version 17
VisualStudioVersion = 17.6.33417.168
MinimumVisualStudioVersion = 10.0.40219.1
Project("{FAE04EC0-301F-11D3-BF4B-00C04F79EFBC}") = "CSharpCollections", "CSharpCollections\CSharpCollections.csproj", "{45C830DF-D87B-4C6E-B3DA-F4AD9809682A}"
EndProject
Global
	GlobalSection(SolutionConfigurationPlatforms) = preSolution
		Debug|Any CPU = Debug|Any CPU
		Release|Any CPU = Release|Any CPU
	EndGlobalSection
	GlobalSection(ProjectConfigurationPlatforms) = postSolution
		{45C830DF-D87B-4C6E-B3DA-F4AD9809682A}.Debug|Any CPU.ActiveCfg = Debug|Any CPU
		{45C830DF-D87B-4C6E-B3DA-F4AD9809682A}.Debug|Any CPU.Build.0 = Debug|Any CPU
		{45C830DF-D87B-4C6E-B3DA-F4AD9809682A}.Release|Any CPU.ActiveCfg = Release|Any CPU
		{45C830DF-D87B-4C6E-B3DA-F4AD9809682A}.Release|Any CPU.Build.0 = Release|Any CPU
	EndGlobalSection
	GlobalSection(SolutionProperties) = preSolution
		HideSolutionNode = FALSE
	EndGlobalSection
	GlobalSection(ExtensibilityGlobals) = postSolution
		SolutionGuid = {7BABBA3F-10AF-4B64-8121-EA4A3B74BA12}
	EndGlobalSection
EndGlobal
